// !$*UTF8*$!
{
	archiveVersion = 1;
	classes = {
	};
	objectVersion = 51;
	objects = {

/* Begin PBXBuildFile section */
		091925C285447A2B54292A40 /* Pods_SuCasa.framework in Frameworks */ = {isa = PBXBuildFile; fileRef = AB9A42759A6AEB44F15643F6 /* Pods_SuCasa.framework */; };
		362DB1D0237A23E400D36357 /* City.swift in Sources */ = {isa = PBXBuildFile; fileRef = 362DB1CF237A23E400D36357 /* City.swift */; };
		3658D1FA2379D7E200A96E2F /* SuggestionsTableViewCell.swift in Sources */ = {isa = PBXBuildFile; fileRef = 3658D1F82379D7E200A96E2F /* SuggestionsTableViewCell.swift */; };
		3658D1FB2379D7E200A96E2F /* SuggestionsTableViewCell.xib in Resources */ = {isa = PBXBuildFile; fileRef = 3658D1F92379D7E200A96E2F /* SuggestionsTableViewCell.xib */; };
		3658D1FE2379EAC100A96E2F /* ResultsTableViewCell.swift in Sources */ = {isa = PBXBuildFile; fileRef = 3658D1FC2379EAC100A96E2F /* ResultsTableViewCell.swift */; };
		3658D1FF2379EAC100A96E2F /* ResultsTableViewCell.xib in Resources */ = {isa = PBXBuildFile; fileRef = 3658D1FD2379EAC100A96E2F /* ResultsTableViewCell.xib */; };
		3658D2042379F75100A96E2F /* brazilCities.csv in Resources */ = {isa = PBXBuildFile; fileRef = 3658D2032379F75100A96E2F /* brazilCities.csv */; };
		3663EE8C2384585D001798E1 /* FirebaseFirestore.framework in Frameworks */ = {isa = PBXBuildFile; fileRef = 3663EE8B2384585D001798E1 /* FirebaseFirestore.framework */; };
		366757A3238EDA450085ED4F /* OngDetailViewController.swift in Sources */ = {isa = PBXBuildFile; fileRef = 366757A2238EDA450085ED4F /* OngDetailViewController.swift */; };
		368DA2272386C3EA0035BE02 /* PropertyServices.swift in Sources */ = {isa = PBXBuildFile; fileRef = 368DA2262386C3EA0035BE02 /* PropertyServices.swift */; };
		36AC92F1237DD83400012AA9 /* StringExtension.swift in Sources */ = {isa = PBXBuildFile; fileRef = 36AC92F0237DD83400012AA9 /* StringExtension.swift */; };
		36DD943B2375D5C0000012BB /* ExploreTableViewCell.swift in Sources */ = {isa = PBXBuildFile; fileRef = 36DD94392375D5C0000012BB /* ExploreTableViewCell.swift */; };
		36DD943C2375D5C0000012BB /* ExploreTableViewCell.xib in Resources */ = {isa = PBXBuildFile; fileRef = 36DD943A2375D5C0000012BB /* ExploreTableViewCell.xib */; };
		36DD943E2375D71E000012BB /* ExploreViewController.swift in Sources */ = {isa = PBXBuildFile; fileRef = 36DD943D2375D71E000012BB /* ExploreViewController.swift */; };
		5E033A2023843AAC001AC697 /* MonthlyViewController.swift in Sources */ = {isa = PBXBuildFile; fileRef = 5E033A1F23843AAC001AC697 /* MonthlyViewController.swift */; };
		5E474EB52375D8640083D3A5 /* PropertyRegistration.storyboard in Resources */ = {isa = PBXBuildFile; fileRef = 5E474EB42375D8640083D3A5 /* PropertyRegistration.storyboard */; };
		5E5458E123901FEB00D4E13D /* LocationServices.swift in Sources */ = {isa = PBXBuildFile; fileRef = 5E5458E023901FEB00D4E13D /* LocationServices.swift */; };
		5E55AA17237B34C300887772 /* SpaceViewController.swift in Sources */ = {isa = PBXBuildFile; fileRef = 5E55AA16237B34C300887772 /* SpaceViewController.swift */; };
		5E55AA19237B34E500887772 /* GuestsViewController.swift in Sources */ = {isa = PBXBuildFile; fileRef = 5E55AA18237B34E500887772 /* GuestsViewController.swift */; };
		5E55AA1B237B34FD00887772 /* AddPhotosViewController.swift in Sources */ = {isa = PBXBuildFile; fileRef = 5E55AA1A237B34FD00887772 /* AddPhotosViewController.swift */; };
		5E55AA1D237B351800887772 /* TitleViewController.swift in Sources */ = {isa = PBXBuildFile; fileRef = 5E55AA1C237B351800887772 /* TitleViewController.swift */; };
		5E75BB61238EE754007A0EE6 /* CompleteRegistrationViewController.swift in Sources */ = {isa = PBXBuildFile; fileRef = 5E75BB60238EE754007A0EE6 /* CompleteRegistrationViewController.swift */; };
		5E75BB65238EEB39007A0EE6 /* LoadingAnimationExtension.swift in Sources */ = {isa = PBXBuildFile; fileRef = 5E75BB64238EEB39007A0EE6 /* LoadingAnimationExtension.swift */; };
		5E9D49952391A696002A7BDF /* PropertyDetailTableViewController.swift in Sources */ = {isa = PBXBuildFile; fileRef = 5E9D49942391A696002A7BDF /* PropertyDetailTableViewController.swift */; };
		BA075ACF2383066D001CAE86 /* LocationViewController.swift in Sources */ = {isa = PBXBuildFile; fileRef = BA075ACE2383066D001CAE86 /* LocationViewController.swift */; };
		BA1B7D932386DB3C00D06E3A /* CarouselItem.xib in Resources */ = {isa = PBXBuildFile; fileRef = BA1B7D922386DB3C00D06E3A /* CarouselItem.xib */; };
		BA1B7D952386DCA000D06E3A /* PropertyDetailViewController.swift in Sources */ = {isa = PBXBuildFile; fileRef = BA1B7D942386DCA000D06E3A /* PropertyDetailViewController.swift */; };
		BA1B7D972386DCFA00D06E3A /* CarouselItem.swift in Sources */ = {isa = PBXBuildFile; fileRef = BA1B7D962386DCFA00D06E3A /* CarouselItem.swift */; };
		BA1B7D992386DF2B00D06E3A /* CarouselPageViewController.swift in Sources */ = {isa = PBXBuildFile; fileRef = BA1B7D982386DF2B00D06E3A /* CarouselPageViewController.swift */; };
		BA36C53F23904FED00EC1517 /* RoundedBorderButton.swift in Sources */ = {isa = PBXBuildFile; fileRef = BA36C53E23904FED00EC1517 /* RoundedBorderButton.swift */; };
		BA5D40DA2375EA050041AC6B /* AdViewController.swift in Sources */ = {isa = PBXBuildFile; fileRef = BA5D40D92375EA050041AC6B /* AdViewController.swift */; };
		BA5D40DC2375F93A0041AC6B /* Login.storyboard in Resources */ = {isa = PBXBuildFile; fileRef = BA5D40DB2375F93A0041AC6B /* Login.storyboard */; };
		BA670ED3237457F9005E3FDA /* OpenSans-BoldItalic.ttf in Resources */ = {isa = PBXBuildFile; fileRef = BA670EC9237457F8005E3FDA /* OpenSans-BoldItalic.ttf */; };
		BA670ED4237457F9005E3FDA /* OpenSans-ExtraBold.ttf in Resources */ = {isa = PBXBuildFile; fileRef = BA670ECA237457F8005E3FDA /* OpenSans-ExtraBold.ttf */; };
		BA670ED5237457F9005E3FDA /* OpenSans-ExtraBoldItalic.ttf in Resources */ = {isa = PBXBuildFile; fileRef = BA670ECB237457F8005E3FDA /* OpenSans-ExtraBoldItalic.ttf */; };
		BA670ED6237457F9005E3FDA /* OpenSans-LightItalic.ttf in Resources */ = {isa = PBXBuildFile; fileRef = BA670ECC237457F8005E3FDA /* OpenSans-LightItalic.ttf */; };
		BA670ED7237457F9005E3FDA /* OpenSans-Regular.ttf in Resources */ = {isa = PBXBuildFile; fileRef = BA670ECD237457F9005E3FDA /* OpenSans-Regular.ttf */; };
		BA670ED8237457F9005E3FDA /* OpenSans-Bold.ttf in Resources */ = {isa = PBXBuildFile; fileRef = BA670ECE237457F9005E3FDA /* OpenSans-Bold.ttf */; };
		BA670ED9237457F9005E3FDA /* OpenSans-Italic.ttf in Resources */ = {isa = PBXBuildFile; fileRef = BA670ECF237457F9005E3FDA /* OpenSans-Italic.ttf */; };
		BA670EDA237457F9005E3FDA /* OpenSans-Semibold.ttf in Resources */ = {isa = PBXBuildFile; fileRef = BA670ED0237457F9005E3FDA /* OpenSans-Semibold.ttf */; };
		BA670EDB237457F9005E3FDA /* OpenSans-Light.ttf in Resources */ = {isa = PBXBuildFile; fileRef = BA670ED1237457F9005E3FDA /* OpenSans-Light.ttf */; };
		BA670EDC237457F9005E3FDA /* OpenSans-SemiboldItalic.ttf in Resources */ = {isa = PBXBuildFile; fileRef = BA670ED2237457F9005E3FDA /* OpenSans-SemiboldItalic.ttf */; };
		BA670EDF23746054005E3FDA /* Profile.storyboard in Resources */ = {isa = PBXBuildFile; fileRef = BA670EDE23746054005E3FDA /* Profile.storyboard */; };
		BA7794B623735DB700F8D024 /* Ad.storyboard in Resources */ = {isa = PBXBuildFile; fileRef = BA7794B523735DB700F8D024 /* Ad.storyboard */; };
		BA9FC263238ED94100D2D3A5 /* PropertyDetail.storyboard in Resources */ = {isa = PBXBuildFile; fileRef = BA9FC262238ED94100D2D3A5 /* PropertyDetail.storyboard */; };
		BAACB3C6238EF16900C231F0 /* OngsCollectionViewCell.swift in Sources */ = {isa = PBXBuildFile; fileRef = BAACB3C4238EF16900C231F0 /* OngsCollectionViewCell.swift */; };
		BAACB3C7238EF16900C231F0 /* OngCell.swift in Sources */ = {isa = PBXBuildFile; fileRef = BAACB3C5238EF16900C231F0 /* OngCell.swift */; };
		BAACB3CB238EF1C300C231F0 /* OngsCollection.storyboard in Resources */ = {isa = PBXBuildFile; fileRef = BAACB3C8238EF1C300C231F0 /* OngsCollection.storyboard */; };
		BAACB3CD238EF1C300C231F0 /* OngProfile.storyboard in Resources */ = {isa = PBXBuildFile; fileRef = BAACB3CA238EF1C300C231F0 /* OngProfile.storyboard */; };
		BAACB3CF238EF1D000C231F0 /* OngsCollectionViewController.swift in Sources */ = {isa = PBXBuildFile; fileRef = BAACB3CE238EF1D000C231F0 /* OngsCollectionViewController.swift */; };
		BAACB3D2238EF1DE00C231F0 /* CityServices.swift in Sources */ = {isa = PBXBuildFile; fileRef = BAACB3D0238EF1DE00C231F0 /* CityServices.swift */; };
		BAACB3D3238EF1DE00C231F0 /* OngServices.swift in Sources */ = {isa = PBXBuildFile; fileRef = BAACB3D1238EF1DE00C231F0 /* OngServices.swift */; };
		BAACB3D5238EF1E700C231F0 /* Ong.swift in Sources */ = {isa = PBXBuildFile; fileRef = BAACB3D4238EF1E700C231F0 /* Ong.swift */; };
		BAACB3D9238EF2CF00C231F0 /* PropertyDAO.swift in Sources */ = {isa = PBXBuildFile; fileRef = BAACB3D8238EF2CF00C231F0 /* PropertyDAO.swift */; };
		BAB8D9FF2371DD400039CBC5 /* GoogleService-Info.plist in Resources */ = {isa = PBXBuildFile; fileRef = BAB8D9FE2371DD400039CBC5 /* GoogleService-Info.plist */; };
		BAB8DA022371E8AE0039CBC5 /* Main.storyboard in Resources */ = {isa = PBXBuildFile; fileRef = BAB8DA012371E8AE0039CBC5 /* Main.storyboard */; };
		BAB8DA07237201200039CBC5 /* IntroViewController.swift in Sources */ = {isa = PBXBuildFile; fileRef = BAB8DA06237201200039CBC5 /* IntroViewController.swift */; };
		BAB9EFB5237095CD00B480F1 /* AppDelegate.swift in Sources */ = {isa = PBXBuildFile; fileRef = BAB9EFB4237095CD00B480F1 /* AppDelegate.swift */; };
		BAB9EFBF237095CD00B480F1 /* SuCasa.xcdatamodeld in Sources */ = {isa = PBXBuildFile; fileRef = BAB9EFBD237095CD00B480F1 /* SuCasa.xcdatamodeld */; };
		BAB9EFC1237095D000B480F1 /* Assets.xcassets in Resources */ = {isa = PBXBuildFile; fileRef = BAB9EFC0237095D000B480F1 /* Assets.xcassets */; };
		BAB9EFC4237095D000B480F1 /* LaunchScreen.storyboard in Resources */ = {isa = PBXBuildFile; fileRef = BAB9EFC2237095D000B480F1 /* LaunchScreen.storyboard */; };
		BAEB1462237B30AD008438D4 /* Property.swift in Sources */ = {isa = PBXBuildFile; fileRef = BAEB1461237B30AD008438D4 /* Property.swift */; };
		BAFE3515237C727F00966F86 /* Colors.swift in Sources */ = {isa = PBXBuildFile; fileRef = BAFE3514237C727F00966F86 /* Colors.swift */; };
/* End PBXBuildFile section */

/* Begin PBXFileReference section */
		338DA7825B0047A78C499018 /* Pods-SuCasa.release.xcconfig */ = {isa = PBXFileReference; includeInIndex = 1; lastKnownFileType = text.xcconfig; name = "Pods-SuCasa.release.xcconfig"; path = "Target Support Files/Pods-SuCasa/Pods-SuCasa.release.xcconfig"; sourceTree = "<group>"; };
		362DB1CF237A23E400D36357 /* City.swift */ = {isa = PBXFileReference; lastKnownFileType = sourcecode.swift; path = City.swift; sourceTree = "<group>"; };
		3658D1F82379D7E200A96E2F /* SuggestionsTableViewCell.swift */ = {isa = PBXFileReference; lastKnownFileType = sourcecode.swift; path = SuggestionsTableViewCell.swift; sourceTree = "<group>"; };
		3658D1F92379D7E200A96E2F /* SuggestionsTableViewCell.xib */ = {isa = PBXFileReference; lastKnownFileType = file.xib; path = SuggestionsTableViewCell.xib; sourceTree = "<group>"; };
		3658D1FC2379EAC100A96E2F /* ResultsTableViewCell.swift */ = {isa = PBXFileReference; lastKnownFileType = sourcecode.swift; path = ResultsTableViewCell.swift; sourceTree = "<group>"; };
		3658D1FD2379EAC100A96E2F /* ResultsTableViewCell.xib */ = {isa = PBXFileReference; lastKnownFileType = file.xib; path = ResultsTableViewCell.xib; sourceTree = "<group>"; };
		3658D2032379F75100A96E2F /* brazilCities.csv */ = {isa = PBXFileReference; fileEncoding = 4; lastKnownFileType = text; name = brazilCities.csv; path = SuCasa/brazilCities.csv; sourceTree = SOURCE_ROOT; };
		3663EE8B2384585D001798E1 /* FirebaseFirestore.framework */ = {isa = PBXFileReference; explicitFileType = wrapper.framework; path = FirebaseFirestore.framework; sourceTree = BUILT_PRODUCTS_DIR; };
		366757A2238EDA450085ED4F /* OngDetailViewController.swift */ = {isa = PBXFileReference; lastKnownFileType = sourcecode.swift; path = OngDetailViewController.swift; sourceTree = "<group>"; };
		368DA2262386C3EA0035BE02 /* PropertyServices.swift */ = {isa = PBXFileReference; lastKnownFileType = sourcecode.swift; path = PropertyServices.swift; sourceTree = "<group>"; };
		36AC92F0237DD83400012AA9 /* StringExtension.swift */ = {isa = PBXFileReference; lastKnownFileType = sourcecode.swift; path = StringExtension.swift; sourceTree = "<group>"; };
		36DD94392375D5C0000012BB /* ExploreTableViewCell.swift */ = {isa = PBXFileReference; lastKnownFileType = sourcecode.swift; path = ExploreTableViewCell.swift; sourceTree = "<group>"; };
		36DD943A2375D5C0000012BB /* ExploreTableViewCell.xib */ = {isa = PBXFileReference; lastKnownFileType = file.xib; path = ExploreTableViewCell.xib; sourceTree = "<group>"; };
		36DD943D2375D71E000012BB /* ExploreViewController.swift */ = {isa = PBXFileReference; lastKnownFileType = sourcecode.swift; path = ExploreViewController.swift; sourceTree = "<group>"; };
		5E033A1F23843AAC001AC697 /* MonthlyViewController.swift */ = {isa = PBXFileReference; lastKnownFileType = sourcecode.swift; path = MonthlyViewController.swift; sourceTree = "<group>"; };
		5E474EB42375D8640083D3A5 /* PropertyRegistration.storyboard */ = {isa = PBXFileReference; lastKnownFileType = file.storyboard; path = PropertyRegistration.storyboard; sourceTree = "<group>"; };
		5E5458E023901FEB00D4E13D /* LocationServices.swift */ = {isa = PBXFileReference; lastKnownFileType = sourcecode.swift; path = LocationServices.swift; sourceTree = "<group>"; };
		5E55AA16237B34C300887772 /* SpaceViewController.swift */ = {isa = PBXFileReference; lastKnownFileType = sourcecode.swift; path = SpaceViewController.swift; sourceTree = "<group>"; };
		5E55AA18237B34E500887772 /* GuestsViewController.swift */ = {isa = PBXFileReference; lastKnownFileType = sourcecode.swift; path = GuestsViewController.swift; sourceTree = "<group>"; };
		5E55AA1A237B34FD00887772 /* AddPhotosViewController.swift */ = {isa = PBXFileReference; lastKnownFileType = sourcecode.swift; path = AddPhotosViewController.swift; sourceTree = "<group>"; };
		5E55AA1C237B351800887772 /* TitleViewController.swift */ = {isa = PBXFileReference; lastKnownFileType = sourcecode.swift; path = TitleViewController.swift; sourceTree = "<group>"; };
		5E75BB60238EE754007A0EE6 /* CompleteRegistrationViewController.swift */ = {isa = PBXFileReference; lastKnownFileType = sourcecode.swift; path = CompleteRegistrationViewController.swift; sourceTree = "<group>"; };
		5E75BB64238EEB39007A0EE6 /* LoadingAnimationExtension.swift */ = {isa = PBXFileReference; lastKnownFileType = sourcecode.swift; path = LoadingAnimationExtension.swift; sourceTree = "<group>"; };
		5E9D49942391A696002A7BDF /* PropertyDetailTableViewController.swift */ = {isa = PBXFileReference; lastKnownFileType = sourcecode.swift; path = PropertyDetailTableViewController.swift; sourceTree = "<group>"; };
		8F6CA9F7B8D35C36B0A15AB3 /* Pods-SuCasa.debug.xcconfig */ = {isa = PBXFileReference; includeInIndex = 1; lastKnownFileType = text.xcconfig; name = "Pods-SuCasa.debug.xcconfig"; path = "Target Support Files/Pods-SuCasa/Pods-SuCasa.debug.xcconfig"; sourceTree = "<group>"; };
		AB9A42759A6AEB44F15643F6 /* Pods_SuCasa.framework */ = {isa = PBXFileReference; explicitFileType = wrapper.framework; includeInIndex = 0; path = Pods_SuCasa.framework; sourceTree = BUILT_PRODUCTS_DIR; };
		BA075ACE2383066D001CAE86 /* LocationViewController.swift */ = {isa = PBXFileReference; lastKnownFileType = sourcecode.swift; path = LocationViewController.swift; sourceTree = "<group>"; };
		BA1B7D922386DB3C00D06E3A /* CarouselItem.xib */ = {isa = PBXFileReference; lastKnownFileType = file.xib; path = CarouselItem.xib; sourceTree = "<group>"; };
		BA1B7D942386DCA000D06E3A /* PropertyDetailViewController.swift */ = {isa = PBXFileReference; lastKnownFileType = sourcecode.swift; path = PropertyDetailViewController.swift; sourceTree = "<group>"; };
		BA1B7D962386DCFA00D06E3A /* CarouselItem.swift */ = {isa = PBXFileReference; lastKnownFileType = sourcecode.swift; path = CarouselItem.swift; sourceTree = "<group>"; };
		BA1B7D982386DF2B00D06E3A /* CarouselPageViewController.swift */ = {isa = PBXFileReference; lastKnownFileType = sourcecode.swift; path = CarouselPageViewController.swift; sourceTree = "<group>"; };
		BA36C53E23904FED00EC1517 /* RoundedBorderButton.swift */ = {isa = PBXFileReference; lastKnownFileType = sourcecode.swift; path = RoundedBorderButton.swift; sourceTree = "<group>"; };
		BA5D40D92375EA050041AC6B /* AdViewController.swift */ = {isa = PBXFileReference; lastKnownFileType = sourcecode.swift; path = AdViewController.swift; sourceTree = "<group>"; };
		BA5D40DB2375F93A0041AC6B /* Login.storyboard */ = {isa = PBXFileReference; lastKnownFileType = file.storyboard; path = Login.storyboard; sourceTree = "<group>"; };
		BA670EC9237457F8005E3FDA /* OpenSans-BoldItalic.ttf */ = {isa = PBXFileReference; lastKnownFileType = file; path = "OpenSans-BoldItalic.ttf"; sourceTree = "<group>"; };
		BA670ECA237457F8005E3FDA /* OpenSans-ExtraBold.ttf */ = {isa = PBXFileReference; lastKnownFileType = file; path = "OpenSans-ExtraBold.ttf"; sourceTree = "<group>"; };
		BA670ECB237457F8005E3FDA /* OpenSans-ExtraBoldItalic.ttf */ = {isa = PBXFileReference; lastKnownFileType = file; path = "OpenSans-ExtraBoldItalic.ttf"; sourceTree = "<group>"; };
		BA670ECC237457F8005E3FDA /* OpenSans-LightItalic.ttf */ = {isa = PBXFileReference; lastKnownFileType = file; path = "OpenSans-LightItalic.ttf"; sourceTree = "<group>"; };
		BA670ECD237457F9005E3FDA /* OpenSans-Regular.ttf */ = {isa = PBXFileReference; lastKnownFileType = file; path = "OpenSans-Regular.ttf"; sourceTree = "<group>"; };
		BA670ECE237457F9005E3FDA /* OpenSans-Bold.ttf */ = {isa = PBXFileReference; lastKnownFileType = file; path = "OpenSans-Bold.ttf"; sourceTree = "<group>"; };
		BA670ECF237457F9005E3FDA /* OpenSans-Italic.ttf */ = {isa = PBXFileReference; lastKnownFileType = file; path = "OpenSans-Italic.ttf"; sourceTree = "<group>"; };
		BA670ED0237457F9005E3FDA /* OpenSans-Semibold.ttf */ = {isa = PBXFileReference; lastKnownFileType = file; path = "OpenSans-Semibold.ttf"; sourceTree = "<group>"; };
		BA670ED1237457F9005E3FDA /* OpenSans-Light.ttf */ = {isa = PBXFileReference; lastKnownFileType = file; path = "OpenSans-Light.ttf"; sourceTree = "<group>"; };
		BA670ED2237457F9005E3FDA /* OpenSans-SemiboldItalic.ttf */ = {isa = PBXFileReference; lastKnownFileType = file; path = "OpenSans-SemiboldItalic.ttf"; sourceTree = "<group>"; };
		BA670EDE23746054005E3FDA /* Profile.storyboard */ = {isa = PBXFileReference; lastKnownFileType = file.storyboard; path = Profile.storyboard; sourceTree = "<group>"; };
		BA7794B523735DB700F8D024 /* Ad.storyboard */ = {isa = PBXFileReference; lastKnownFileType = file.storyboard; path = Ad.storyboard; sourceTree = "<group>"; };
		BA9FC262238ED94100D2D3A5 /* PropertyDetail.storyboard */ = {isa = PBXFileReference; fileEncoding = 4; lastKnownFileType = file.storyboard; path = PropertyDetail.storyboard; sourceTree = "<group>"; };
		BAACB3C4238EF16900C231F0 /* OngsCollectionViewCell.swift */ = {isa = PBXFileReference; fileEncoding = 4; lastKnownFileType = sourcecode.swift; path = OngsCollectionViewCell.swift; sourceTree = "<group>"; };
		BAACB3C5238EF16900C231F0 /* OngCell.swift */ = {isa = PBXFileReference; fileEncoding = 4; lastKnownFileType = sourcecode.swift; path = OngCell.swift; sourceTree = "<group>"; };
		BAACB3C8238EF1C300C231F0 /* OngsCollection.storyboard */ = {isa = PBXFileReference; fileEncoding = 4; lastKnownFileType = file.storyboard; path = OngsCollection.storyboard; sourceTree = "<group>"; };
		BAACB3CA238EF1C300C231F0 /* OngProfile.storyboard */ = {isa = PBXFileReference; fileEncoding = 4; lastKnownFileType = file.storyboard; path = OngProfile.storyboard; sourceTree = "<group>"; };
		BAACB3CE238EF1D000C231F0 /* OngsCollectionViewController.swift */ = {isa = PBXFileReference; fileEncoding = 4; lastKnownFileType = sourcecode.swift; path = OngsCollectionViewController.swift; sourceTree = "<group>"; };
		BAACB3D0238EF1DE00C231F0 /* CityServices.swift */ = {isa = PBXFileReference; fileEncoding = 4; lastKnownFileType = sourcecode.swift; path = CityServices.swift; sourceTree = "<group>"; };
		BAACB3D1238EF1DE00C231F0 /* OngServices.swift */ = {isa = PBXFileReference; fileEncoding = 4; lastKnownFileType = sourcecode.swift; path = OngServices.swift; sourceTree = "<group>"; };
		BAACB3D4238EF1E700C231F0 /* Ong.swift */ = {isa = PBXFileReference; fileEncoding = 4; lastKnownFileType = sourcecode.swift; path = Ong.swift; sourceTree = "<group>"; };
		BAACB3D8238EF2CF00C231F0 /* PropertyDAO.swift */ = {isa = PBXFileReference; fileEncoding = 4; lastKnownFileType = sourcecode.swift; path = PropertyDAO.swift; sourceTree = "<group>"; };
		BAB8D9FE2371DD400039CBC5 /* GoogleService-Info.plist */ = {isa = PBXFileReference; fileEncoding = 4; lastKnownFileType = text.plist.xml; path = "GoogleService-Info.plist"; sourceTree = "<group>"; };
		BAB8DA012371E8AE0039CBC5 /* Main.storyboard */ = {isa = PBXFileReference; lastKnownFileType = file.storyboard; path = Main.storyboard; sourceTree = "<group>"; };
		BAB8DA06237201200039CBC5 /* IntroViewController.swift */ = {isa = PBXFileReference; lastKnownFileType = sourcecode.swift; path = IntroViewController.swift; sourceTree = "<group>"; };
		BAB9EFB1237095CD00B480F1 /* SuCasa.app */ = {isa = PBXFileReference; explicitFileType = wrapper.application; includeInIndex = 0; path = SuCasa.app; sourceTree = BUILT_PRODUCTS_DIR; };
		BAB9EFB4237095CD00B480F1 /* AppDelegate.swift */ = {isa = PBXFileReference; lastKnownFileType = sourcecode.swift; path = AppDelegate.swift; sourceTree = "<group>"; };
		BAB9EFBE237095CD00B480F1 /* SuCasa.xcdatamodel */ = {isa = PBXFileReference; lastKnownFileType = wrapper.xcdatamodel; path = SuCasa.xcdatamodel; sourceTree = "<group>"; };
		BAB9EFC0237095D000B480F1 /* Assets.xcassets */ = {isa = PBXFileReference; lastKnownFileType = folder.assetcatalog; path = Assets.xcassets; sourceTree = "<group>"; };
		BAB9EFC3237095D000B480F1 /* Base */ = {isa = PBXFileReference; lastKnownFileType = file.storyboard; name = Base; path = Base.lproj/LaunchScreen.storyboard; sourceTree = "<group>"; };
		BAB9EFC5237095D000B480F1 /* Info.plist */ = {isa = PBXFileReference; lastKnownFileType = text.plist.xml; path = Info.plist; sourceTree = "<group>"; };
		BAEB1461237B30AD008438D4 /* Property.swift */ = {isa = PBXFileReference; lastKnownFileType = sourcecode.swift; path = Property.swift; sourceTree = "<group>"; };
		BAFE3514237C727F00966F86 /* Colors.swift */ = {isa = PBXFileReference; lastKnownFileType = sourcecode.swift; path = Colors.swift; sourceTree = "<group>"; };
/* End PBXFileReference section */

/* Begin PBXFrameworksBuildPhase section */
		BAB9EFAE237095CD00B480F1 /* Frameworks */ = {
			isa = PBXFrameworksBuildPhase;
			buildActionMask = 2147483647;
			files = (
				3663EE8C2384585D001798E1 /* FirebaseFirestore.framework in Frameworks */,
				091925C285447A2B54292A40 /* Pods_SuCasa.framework in Frameworks */,
			);
			runOnlyForDeploymentPostprocessing = 0;
		};
/* End PBXFrameworksBuildPhase section */

/* Begin PBXGroup section */
		362DB1CE237A23D400D36357 /* Models */ = {
			isa = PBXGroup;
			children = (
				BAACB3D4238EF1E700C231F0 /* Ong.swift */,
				362DB1CF237A23E400D36357 /* City.swift */,
				BAFE3514237C727F00966F86 /* Colors.swift */,
				BAEB1461237B30AD008438D4 /* Property.swift */,
			);
			path = Models;
			sourceTree = "<group>";
		};
		3663EE8623845051001798E1 /* Service */ = {
			isa = PBXGroup;
			children = (
				BAACB3D0238EF1DE00C231F0 /* CityServices.swift */,
				BAACB3D1238EF1DE00C231F0 /* OngServices.swift */,
				368DA2262386C3EA0035BE02 /* PropertyServices.swift */,
				5E5458E023901FEB00D4E13D /* LocationServices.swift */,
			);
			path = Service;
			sourceTree = "<group>";
		};
		36DD94332375D44D000012BB /* XIBs */ = {
			isa = PBXGroup;
			children = (
				3658D1FD2379EAC100A96E2F /* ResultsTableViewCell.xib */,
				36DD943A2375D5C0000012BB /* ExploreTableViewCell.xib */,
				3658D1F92379D7E200A96E2F /* SuggestionsTableViewCell.xib */,
				BA1B7D922386DB3C00D06E3A /* CarouselItem.xib */,
			);
			path = XIBs;
			sourceTree = "<group>";
		};
		36DD94382375D50F000012BB /* Cells */ = {
			isa = PBXGroup;
			children = (
				BAACB3C5238EF16900C231F0 /* OngCell.swift */,
				BAACB3C4238EF16900C231F0 /* OngsCollectionViewCell.swift */,
				36DD94392375D5C0000012BB /* ExploreTableViewCell.swift */,
				3658D1FC2379EAC100A96E2F /* ResultsTableViewCell.swift */,
				3658D1F82379D7E200A96E2F /* SuggestionsTableViewCell.swift */,
			);
			path = Cells;
			sourceTree = "<group>";
		};
		582C0BA3013E8764EE553295 /* Pods */ = {
			isa = PBXGroup;
			children = (
				8F6CA9F7B8D35C36B0A15AB3 /* Pods-SuCasa.debug.xcconfig */,
				338DA7825B0047A78C499018 /* Pods-SuCasa.release.xcconfig */,
			);
			path = Pods;
			sourceTree = "<group>";
		};
		BA670EDD23745801005E3FDA /* Fonts */ = {
			isa = PBXGroup;
			children = (
				BA670ECE237457F9005E3FDA /* OpenSans-Bold.ttf */,
				BA670EC9237457F8005E3FDA /* OpenSans-BoldItalic.ttf */,
				BA670ECA237457F8005E3FDA /* OpenSans-ExtraBold.ttf */,
				BA670ECB237457F8005E3FDA /* OpenSans-ExtraBoldItalic.ttf */,
				BA670ECF237457F9005E3FDA /* OpenSans-Italic.ttf */,
				BA670ED1237457F9005E3FDA /* OpenSans-Light.ttf */,
				BA670ECC237457F8005E3FDA /* OpenSans-LightItalic.ttf */,
				BA670ECD237457F9005E3FDA /* OpenSans-Regular.ttf */,
				BA670ED0237457F9005E3FDA /* OpenSans-Semibold.ttf */,
				BA670ED2237457F9005E3FDA /* OpenSans-SemiboldItalic.ttf */,
			);
			path = Fonts;
			sourceTree = "<group>";
		};
		BAACB3D7238EF2CF00C231F0 /* Persistence */ = {
			isa = PBXGroup;
			children = (
				BAACB3D8238EF2CF00C231F0 /* PropertyDAO.swift */,
			);
			path = Persistence;
			sourceTree = "<group>";
		};
		BAB8DA002371E88A0039CBC5 /* Storyboards */ = {
			isa = PBXGroup;
			children = (
				BAACB3CA238EF1C300C231F0 /* OngProfile.storyboard */,
				BAACB3C8238EF1C300C231F0 /* OngsCollection.storyboard */,
				BAB9EFC2237095D000B480F1 /* LaunchScreen.storyboard */,
				BAB8DA012371E8AE0039CBC5 /* Main.storyboard */,
				BA7794B523735DB700F8D024 /* Ad.storyboard */,
				BA670EDE23746054005E3FDA /* Profile.storyboard */,
				BA5D40DB2375F93A0041AC6B /* Login.storyboard */,
				BA9FC262238ED94100D2D3A5 /* PropertyDetail.storyboard */,
				5E474EB42375D8640083D3A5 /* PropertyRegistration.storyboard */,
			);
			path = Storyboards;
			sourceTree = "<group>";
		};
		BAB8DA052372004E0039CBC5 /* Controllers */ = {
			isa = PBXGroup;
			children = (
				BAACB3CE238EF1D000C231F0 /* OngsCollectionViewController.swift */,
				BAB8DA06237201200039CBC5 /* IntroViewController.swift */,
				36DD943D2375D71E000012BB /* ExploreViewController.swift */,
				BA5D40D92375EA050041AC6B /* AdViewController.swift */,
				5E55AA16237B34C300887772 /* SpaceViewController.swift */,
				5E55AA18237B34E500887772 /* GuestsViewController.swift */,
				5E55AA1A237B34FD00887772 /* AddPhotosViewController.swift */,
				5E55AA1C237B351800887772 /* TitleViewController.swift */,
				BA075ACE2383066D001CAE86 /* LocationViewController.swift */,
				5E033A1F23843AAC001AC697 /* MonthlyViewController.swift */,
				5E75BB60238EE754007A0EE6 /* CompleteRegistrationViewController.swift */,
				366757A2238EDA450085ED4F /* OngDetailViewController.swift */,
				BA1B7D942386DCA000D06E3A /* PropertyDetailViewController.swift */,
				BA1B7D982386DF2B00D06E3A /* CarouselPageViewController.swift */,
				5E9D49942391A696002A7BDF /* PropertyDetailTableViewController.swift */,
			);
			path = Controllers;
			sourceTree = "<group>";
		};
		BAB9EFA8237095CD00B480F1 = {
			isa = PBXGroup;
			children = (
				BAB9EFB3237095CD00B480F1 /* SuCasa */,
				BAB9EFB2237095CD00B480F1 /* Products */,
				582C0BA3013E8764EE553295 /* Pods */,
				C42B3FCD48A1E699D8125887 /* Frameworks */,
			);
			sourceTree = "<group>";
		};
		BAB9EFB2237095CD00B480F1 /* Products */ = {
			isa = PBXGroup;
			children = (
				BAB9EFB1237095CD00B480F1 /* SuCasa.app */,
			);
			name = Products;
			sourceTree = "<group>";
		};
		BAB9EFB3237095CD00B480F1 /* SuCasa */ = {
			isa = PBXGroup;
			children = (
				BAACB3D7238EF2CF00C231F0 /* Persistence */,
				3663EE8623845051001798E1 /* Service */,
				362DB1CE237A23D400D36357 /* Models */,
				36DD94332375D44D000012BB /* XIBs */,
				36DD94382375D50F000012BB /* Cells */,
				BAB9EFB4237095CD00B480F1 /* AppDelegate.swift */,
				36AC92F0237DD83400012AA9 /* StringExtension.swift */,
				5E75BB64238EEB39007A0EE6 /* LoadingAnimationExtension.swift */,
				BAB9EFC5237095D000B480F1 /* Info.plist */,
				3658D2032379F75100A96E2F /* brazilCities.csv */,
				BAB9EFBD237095CD00B480F1 /* SuCasa.xcdatamodeld */,
				BAB8D9FE2371DD400039CBC5 /* GoogleService-Info.plist */,
				BAB9EFC0237095D000B480F1 /* Assets.xcassets */,
				BA670EDD23745801005E3FDA /* Fonts */,
				BAB8DA002371E88A0039CBC5 /* Storyboards */,
				BAB8DA052372004E0039CBC5 /* Controllers */,
				BA1B7D962386DCFA00D06E3A /* CarouselItem.swift */,
				BA36C53E23904FED00EC1517 /* RoundedBorderButton.swift */,
			);
			path = SuCasa;
			sourceTree = "<group>";
		};
		C42B3FCD48A1E699D8125887 /* Frameworks */ = {
			isa = PBXGroup;
			children = (
				3663EE8B2384585D001798E1 /* FirebaseFirestore.framework */,
				AB9A42759A6AEB44F15643F6 /* Pods_SuCasa.framework */,
			);
			name = Frameworks;
			sourceTree = "<group>";
		};
/* End PBXGroup section */

/* Begin PBXNativeTarget section */
		BAB9EFB0237095CD00B480F1 /* SuCasa */ = {
			isa = PBXNativeTarget;
			buildConfigurationList = BAB9EFC8237095D000B480F1 /* Build configuration list for PBXNativeTarget "SuCasa" */;
			buildPhases = (
				18EEA991BD434F9EBAAF69E2 /* [CP] Check Pods Manifest.lock */,
				BAB9EFAD237095CD00B480F1 /* Sources */,
				BAB9EFAE237095CD00B480F1 /* Frameworks */,
				BAB9EFAF237095CD00B480F1 /* Resources */,
				CE2BED45CDF73C6382E0ED4E /* [CP] Embed Pods Frameworks */,
			);
			buildRules = (
			);
			dependencies = (
			);
			name = SuCasa;
			productName = SuCasa;
			productReference = BAB9EFB1237095CD00B480F1 /* SuCasa.app */;
			productType = "com.apple.product-type.application";
		};
/* End PBXNativeTarget section */

/* Begin PBXProject section */
		BAB9EFA9237095CD00B480F1 /* Project object */ = {
			isa = PBXProject;
			attributes = {
				LastSwiftUpdateCheck = 1120;
				LastUpgradeCheck = 1120;
				ORGANIZATIONNAME = "João Victor Batista";
				TargetAttributes = {
					BAB9EFB0237095CD00B480F1 = {
						CreatedOnToolsVersion = 11.2;
					};
				};
			};
			buildConfigurationList = BAB9EFAC237095CD00B480F1 /* Build configuration list for PBXProject "SuCasa" */;
			compatibilityVersion = "Xcode 9.3";
			developmentRegion = en;
			hasScannedForEncodings = 0;
			knownRegions = (
				en,
				Base,
			);
			mainGroup = BAB9EFA8237095CD00B480F1;
			productRefGroup = BAB9EFB2237095CD00B480F1 /* Products */;
			projectDirPath = "";
			projectRoot = "";
			targets = (
				BAB9EFB0237095CD00B480F1 /* SuCasa */,
			);
		};
/* End PBXProject section */

/* Begin PBXResourcesBuildPhase section */
		BAB9EFAF237095CD00B480F1 /* Resources */ = {
			isa = PBXResourcesBuildPhase;
			buildActionMask = 2147483647;
			files = (
				BA670ED8237457F9005E3FDA /* OpenSans-Bold.ttf in Resources */,
				BA670EDC237457F9005E3FDA /* OpenSans-SemiboldItalic.ttf in Resources */,
				BA670ED7237457F9005E3FDA /* OpenSans-Regular.ttf in Resources */,
				BA670EDB237457F9005E3FDA /* OpenSans-Light.ttf in Resources */,
				BA670ED3237457F9005E3FDA /* OpenSans-BoldItalic.ttf in Resources */,
				BA670EDA237457F9005E3FDA /* OpenSans-Semibold.ttf in Resources */,
				BAB9EFC4237095D000B480F1 /* LaunchScreen.storyboard in Resources */,
				3658D2042379F75100A96E2F /* brazilCities.csv in Resources */,
				BA670ED4237457F9005E3FDA /* OpenSans-ExtraBold.ttf in Resources */,
				BA5D40DC2375F93A0041AC6B /* Login.storyboard in Resources */,
				BA7794B623735DB700F8D024 /* Ad.storyboard in Resources */,
				BAB9EFC1237095D000B480F1 /* Assets.xcassets in Resources */,
				BAACB3CB238EF1C300C231F0 /* OngsCollection.storyboard in Resources */,
				BA670EDF23746054005E3FDA /* Profile.storyboard in Resources */,
				BAB8D9FF2371DD400039CBC5 /* GoogleService-Info.plist in Resources */,
				36DD943C2375D5C0000012BB /* ExploreTableViewCell.xib in Resources */,
				BAACB3CD238EF1C300C231F0 /* OngProfile.storyboard in Resources */,
				3658D1FB2379D7E200A96E2F /* SuggestionsTableViewCell.xib in Resources */,
				BA9FC263238ED94100D2D3A5 /* PropertyDetail.storyboard in Resources */,
				BAB8DA022371E8AE0039CBC5 /* Main.storyboard in Resources */,
				3658D1FF2379EAC100A96E2F /* ResultsTableViewCell.xib in Resources */,
				5E474EB52375D8640083D3A5 /* PropertyRegistration.storyboard in Resources */,
				BA670ED9237457F9005E3FDA /* OpenSans-Italic.ttf in Resources */,
				BA670ED5237457F9005E3FDA /* OpenSans-ExtraBoldItalic.ttf in Resources */,
				BA1B7D932386DB3C00D06E3A /* CarouselItem.xib in Resources */,
				BA670ED6237457F9005E3FDA /* OpenSans-LightItalic.ttf in Resources */,
			);
			runOnlyForDeploymentPostprocessing = 0;
		};
/* End PBXResourcesBuildPhase section */

/* Begin PBXShellScriptBuildPhase section */
		18EEA991BD434F9EBAAF69E2 /* [CP] Check Pods Manifest.lock */ = {
			isa = PBXShellScriptBuildPhase;
			buildActionMask = 2147483647;
			files = (
			);
			inputFileListPaths = (
			);
			inputPaths = (
				"${PODS_PODFILE_DIR_PATH}/Podfile.lock",
				"${PODS_ROOT}/Manifest.lock",
			);
			name = "[CP] Check Pods Manifest.lock";
			outputFileListPaths = (
			);
			outputPaths = (
				"$(DERIVED_FILE_DIR)/Pods-SuCasa-checkManifestLockResult.txt",
			);
			runOnlyForDeploymentPostprocessing = 0;
			shellPath = /bin/sh;
			shellScript = "diff \"${PODS_PODFILE_DIR_PATH}/Podfile.lock\" \"${PODS_ROOT}/Manifest.lock\" > /dev/null\nif [ $? != 0 ] ; then\n    # print error to STDERR\n    echo \"error: The sandbox is not in sync with the Podfile.lock. Run 'pod install' or update your CocoaPods installation.\" >&2\n    exit 1\nfi\n# This output is used by Xcode 'outputs' to avoid re-running this script phase.\necho \"SUCCESS\" > \"${SCRIPT_OUTPUT_FILE_0}\"\n";
			showEnvVarsInLog = 0;
		};
		CE2BED45CDF73C6382E0ED4E /* [CP] Embed Pods Frameworks */ = {
			isa = PBXShellScriptBuildPhase;
			buildActionMask = 2147483647;
			files = (
			);
			inputFileListPaths = (
				"${PODS_ROOT}/Target Support Files/Pods-SuCasa/Pods-SuCasa-frameworks-${CONFIGURATION}-input-files.xcfilelist",
			);
			name = "[CP] Embed Pods Frameworks";
			outputFileListPaths = (
				"${PODS_ROOT}/Target Support Files/Pods-SuCasa/Pods-SuCasa-frameworks-${CONFIGURATION}-output-files.xcfilelist",
			);
			runOnlyForDeploymentPostprocessing = 0;
			shellPath = /bin/sh;
			shellScript = "\"${PODS_ROOT}/Target Support Files/Pods-SuCasa/Pods-SuCasa-frameworks.sh\"\n";
			showEnvVarsInLog = 0;
		};
/* End PBXShellScriptBuildPhase section */

/* Begin PBXSourcesBuildPhase section */
		BAB9EFAD237095CD00B480F1 /* Sources */ = {
			isa = PBXSourcesBuildPhase;
			buildActionMask = 2147483647;
			files = (
				BAB9EFB5237095CD00B480F1 /* AppDelegate.swift in Sources */,
				BAFE3515237C727F00966F86 /* Colors.swift in Sources */,
				BAACB3D9238EF2CF00C231F0 /* PropertyDAO.swift in Sources */,
				3658D1FA2379D7E200A96E2F /* SuggestionsTableViewCell.swift in Sources */,
				BA1B7D992386DF2B00D06E3A /* CarouselPageViewController.swift in Sources */,
				36AC92F1237DD83400012AA9 /* StringExtension.swift in Sources */,
				5E75BB65238EEB39007A0EE6 /* LoadingAnimationExtension.swift in Sources */,
				BA075ACF2383066D001CAE86 /* LocationViewController.swift in Sources */,
				3658D1FE2379EAC100A96E2F /* ResultsTableViewCell.swift in Sources */,
				BAACB3D5238EF1E700C231F0 /* Ong.swift in Sources */,
				BA5D40DA2375EA050041AC6B /* AdViewController.swift in Sources */,
				BAB9EFBF237095CD00B480F1 /* SuCasa.xcdatamodeld in Sources */,
				5E55AA19237B34E500887772 /* GuestsViewController.swift in Sources */,
				5E75BB61238EE754007A0EE6 /* CompleteRegistrationViewController.swift in Sources */,
				5E55AA17237B34C300887772 /* SpaceViewController.swift in Sources */,
				36DD943E2375D71E000012BB /* ExploreViewController.swift in Sources */,
				BAACB3C6238EF16900C231F0 /* OngsCollectionViewCell.swift in Sources */,
				BAACB3C7238EF16900C231F0 /* OngCell.swift in Sources */,
				BA36C53F23904FED00EC1517 /* RoundedBorderButton.swift in Sources */,
				366757A3238EDA450085ED4F /* OngDetailViewController.swift in Sources */,
				BA1B7D972386DCFA00D06E3A /* CarouselItem.swift in Sources */,
				BAB8DA07237201200039CBC5 /* IntroViewController.swift in Sources */,
				5E033A2023843AAC001AC697 /* MonthlyViewController.swift in Sources */,
				5E9D49952391A696002A7BDF /* PropertyDetailTableViewController.swift in Sources */,
				5E5458E123901FEB00D4E13D /* LocationServices.swift in Sources */,
				368DA2272386C3EA0035BE02 /* PropertyServices.swift in Sources */,
				5E55AA1B237B34FD00887772 /* AddPhotosViewController.swift in Sources */,
				362DB1D0237A23E400D36357 /* City.swift in Sources */,
				BAACB3CF238EF1D000C231F0 /* OngsCollectionViewController.swift in Sources */,
				BAEB1462237B30AD008438D4 /* Property.swift in Sources */,
				36DD943B2375D5C0000012BB /* ExploreTableViewCell.swift in Sources */,
				BAACB3D3238EF1DE00C231F0 /* OngServices.swift in Sources */,
				BA1B7D952386DCA000D06E3A /* PropertyDetailViewController.swift in Sources */,
				BAACB3D2238EF1DE00C231F0 /* CityServices.swift in Sources */,
				5E55AA1D237B351800887772 /* TitleViewController.swift in Sources */,
			);
			runOnlyForDeploymentPostprocessing = 0;
		};
/* End PBXSourcesBuildPhase section */

/* Begin PBXVariantGroup section */
		BAB9EFC2237095D000B480F1 /* LaunchScreen.storyboard */ = {
			isa = PBXVariantGroup;
			children = (
				BAB9EFC3237095D000B480F1 /* Base */,
			);
			name = LaunchScreen.storyboard;
			sourceTree = "<group>";
		};
/* End PBXVariantGroup section */

/* Begin XCBuildConfiguration section */
		BAB9EFC6237095D000B480F1 /* Debug */ = {
			isa = XCBuildConfiguration;
			buildSettings = {
				ALWAYS_SEARCH_USER_PATHS = NO;
				CLANG_ANALYZER_NONNULL = YES;
				CLANG_ANALYZER_NUMBER_OBJECT_CONVERSION = YES_AGGRESSIVE;
				CLANG_CXX_LANGUAGE_STANDARD = "gnu++14";
				CLANG_CXX_LIBRARY = "libc++";
				CLANG_ENABLE_MODULES = YES;
				CLANG_ENABLE_OBJC_ARC = YES;
				CLANG_ENABLE_OBJC_WEAK = YES;
				CLANG_WARN_BLOCK_CAPTURE_AUTORELEASING = YES;
				CLANG_WARN_BOOL_CONVERSION = YES;
				CLANG_WARN_COMMA = YES;
				CLANG_WARN_CONSTANT_CONVERSION = YES;
				CLANG_WARN_DEPRECATED_OBJC_IMPLEMENTATIONS = YES;
				CLANG_WARN_DIRECT_OBJC_ISA_USAGE = YES_ERROR;
				CLANG_WARN_DOCUMENTATION_COMMENTS = YES;
				CLANG_WARN_EMPTY_BODY = YES;
				CLANG_WARN_ENUM_CONVERSION = YES;
				CLANG_WARN_INFINITE_RECURSION = YES;
				CLANG_WARN_INT_CONVERSION = YES;
				CLANG_WARN_NON_LITERAL_NULL_CONVERSION = YES;
				CLANG_WARN_OBJC_IMPLICIT_RETAIN_SELF = YES;
				CLANG_WARN_OBJC_LITERAL_CONVERSION = YES;
				CLANG_WARN_OBJC_ROOT_CLASS = YES_ERROR;
				CLANG_WARN_RANGE_LOOP_ANALYSIS = YES;
				CLANG_WARN_STRICT_PROTOTYPES = YES;
				CLANG_WARN_SUSPICIOUS_MOVE = YES;
				CLANG_WARN_UNGUARDED_AVAILABILITY = YES_AGGRESSIVE;
				CLANG_WARN_UNREACHABLE_CODE = YES;
				CLANG_WARN__DUPLICATE_METHOD_MATCH = YES;
				COPY_PHASE_STRIP = NO;
				DEBUG_INFORMATION_FORMAT = dwarf;
				ENABLE_STRICT_OBJC_MSGSEND = YES;
				ENABLE_TESTABILITY = YES;
				GCC_C_LANGUAGE_STANDARD = gnu11;
				GCC_DYNAMIC_NO_PIC = NO;
				GCC_NO_COMMON_BLOCKS = YES;
				GCC_OPTIMIZATION_LEVEL = 0;
				GCC_PREPROCESSOR_DEFINITIONS = (
					"DEBUG=1",
					"$(inherited)",
				);
				GCC_WARN_64_TO_32_BIT_CONVERSION = YES;
				GCC_WARN_ABOUT_RETURN_TYPE = YES_ERROR;
				GCC_WARN_UNDECLARED_SELECTOR = YES;
				GCC_WARN_UNINITIALIZED_AUTOS = YES_AGGRESSIVE;
				GCC_WARN_UNUSED_FUNCTION = YES;
				GCC_WARN_UNUSED_VARIABLE = YES;
				IPHONEOS_DEPLOYMENT_TARGET = 13.2;
				MTL_ENABLE_DEBUG_INFO = INCLUDE_SOURCE;
				MTL_FAST_MATH = YES;
				ONLY_ACTIVE_ARCH = YES;
				SDKROOT = iphoneos;
				SWIFT_ACTIVE_COMPILATION_CONDITIONS = DEBUG;
				SWIFT_OPTIMIZATION_LEVEL = "-Onone";
			};
			name = Debug;
		};
		BAB9EFC7237095D000B480F1 /* Release */ = {
			isa = XCBuildConfiguration;
			buildSettings = {
				ALWAYS_SEARCH_USER_PATHS = NO;
				CLANG_ANALYZER_NONNULL = YES;
				CLANG_ANALYZER_NUMBER_OBJECT_CONVERSION = YES_AGGRESSIVE;
				CLANG_CXX_LANGUAGE_STANDARD = "gnu++14";
				CLANG_CXX_LIBRARY = "libc++";
				CLANG_ENABLE_MODULES = YES;
				CLANG_ENABLE_OBJC_ARC = YES;
				CLANG_ENABLE_OBJC_WEAK = YES;
				CLANG_WARN_BLOCK_CAPTURE_AUTORELEASING = YES;
				CLANG_WARN_BOOL_CONVERSION = YES;
				CLANG_WARN_COMMA = YES;
				CLANG_WARN_CONSTANT_CONVERSION = YES;
				CLANG_WARN_DEPRECATED_OBJC_IMPLEMENTATIONS = YES;
				CLANG_WARN_DIRECT_OBJC_ISA_USAGE = YES_ERROR;
				CLANG_WARN_DOCUMENTATION_COMMENTS = YES;
				CLANG_WARN_EMPTY_BODY = YES;
				CLANG_WARN_ENUM_CONVERSION = YES;
				CLANG_WARN_INFINITE_RECURSION = YES;
				CLANG_WARN_INT_CONVERSION = YES;
				CLANG_WARN_NON_LITERAL_NULL_CONVERSION = YES;
				CLANG_WARN_OBJC_IMPLICIT_RETAIN_SELF = YES;
				CLANG_WARN_OBJC_LITERAL_CONVERSION = YES;
				CLANG_WARN_OBJC_ROOT_CLASS = YES_ERROR;
				CLANG_WARN_RANGE_LOOP_ANALYSIS = YES;
				CLANG_WARN_STRICT_PROTOTYPES = YES;
				CLANG_WARN_SUSPICIOUS_MOVE = YES;
				CLANG_WARN_UNGUARDED_AVAILABILITY = YES_AGGRESSIVE;
				CLANG_WARN_UNREACHABLE_CODE = YES;
				CLANG_WARN__DUPLICATE_METHOD_MATCH = YES;
				COPY_PHASE_STRIP = NO;
				DEBUG_INFORMATION_FORMAT = "dwarf-with-dsym";
				ENABLE_NS_ASSERTIONS = NO;
				ENABLE_STRICT_OBJC_MSGSEND = YES;
				GCC_C_LANGUAGE_STANDARD = gnu11;
				GCC_NO_COMMON_BLOCKS = YES;
				GCC_WARN_64_TO_32_BIT_CONVERSION = YES;
				GCC_WARN_ABOUT_RETURN_TYPE = YES_ERROR;
				GCC_WARN_UNDECLARED_SELECTOR = YES;
				GCC_WARN_UNINITIALIZED_AUTOS = YES_AGGRESSIVE;
				GCC_WARN_UNUSED_FUNCTION = YES;
				GCC_WARN_UNUSED_VARIABLE = YES;
				IPHONEOS_DEPLOYMENT_TARGET = 13.2;
				MTL_ENABLE_DEBUG_INFO = NO;
				MTL_FAST_MATH = YES;
				SDKROOT = iphoneos;
				SWIFT_COMPILATION_MODE = wholemodule;
				SWIFT_OPTIMIZATION_LEVEL = "-O";
				VALIDATE_PRODUCT = YES;
			};
			name = Release;
		};
		BAB9EFC9237095D000B480F1 /* Debug */ = {
			isa = XCBuildConfiguration;
			baseConfigurationReference = 8F6CA9F7B8D35C36B0A15AB3 /* Pods-SuCasa.debug.xcconfig */;
			buildSettings = {
				ASSETCATALOG_COMPILER_APPICON_NAME = AppIcon;
				CODE_SIGN_STYLE = Automatic;
				DEVELOPMENT_TEAM = 8Z872V7A4S;
				INFOPLIST_FILE = SuCasa/Info.plist;
				IPHONEOS_DEPLOYMENT_TARGET = 12.0;
				LD_RUNPATH_SEARCH_PATHS = (
					"$(inherited)",
					"@executable_path/Frameworks",
				);
				PRODUCT_BUNDLE_IDENTIFIER = batistajoao.SuCasa;
				PRODUCT_NAME = "$(TARGET_NAME)";
				SWIFT_VERSION = 5.0;
				TARGETED_DEVICE_FAMILY = 1;
			};
			name = Debug;
		};
		BAB9EFCA237095D000B480F1 /* Release */ = {
			isa = XCBuildConfiguration;
			baseConfigurationReference = 338DA7825B0047A78C499018 /* Pods-SuCasa.release.xcconfig */;
			buildSettings = {
				ASSETCATALOG_COMPILER_APPICON_NAME = AppIcon;
				CODE_SIGN_STYLE = Automatic;
				DEVELOPMENT_TEAM = 8Z872V7A4S;
				INFOPLIST_FILE = SuCasa/Info.plist;
				IPHONEOS_DEPLOYMENT_TARGET = 12.0;
				LD_RUNPATH_SEARCH_PATHS = (
					"$(inherited)",
					"@executable_path/Frameworks",
				);
				PRODUCT_BUNDLE_IDENTIFIER = batistajoao.SuCasa;
				PRODUCT_NAME = "$(TARGET_NAME)";
				SWIFT_VERSION = 5.0;
				TARGETED_DEVICE_FAMILY = 1;
			};
			name = Release;
		};
/* End XCBuildConfiguration section */

/* Begin XCConfigurationList section */
		BAB9EFAC237095CD00B480F1 /* Build configuration list for PBXProject "SuCasa" */ = {
			isa = XCConfigurationList;
			buildConfigurations = (
				BAB9EFC6237095D000B480F1 /* Debug */,
				BAB9EFC7237095D000B480F1 /* Release */,
			);
			defaultConfigurationIsVisible = 0;
			defaultConfigurationName = Release;
		};
		BAB9EFC8237095D000B480F1 /* Build configuration list for PBXNativeTarget "SuCasa" */ = {
			isa = XCConfigurationList;
			buildConfigurations = (
				BAB9EFC9237095D000B480F1 /* Debug */,
				BAB9EFCA237095D000B480F1 /* Release */,
			);
			defaultConfigurationIsVisible = 0;
			defaultConfigurationName = Release;
		};
/* End XCConfigurationList section */

/* Begin XCVersionGroup section */
		BAB9EFBD237095CD00B480F1 /* SuCasa.xcdatamodeld */ = {
			isa = XCVersionGroup;
			children = (
				BAB9EFBE237095CD00B480F1 /* SuCasa.xcdatamodel */,
			);
			currentVersion = BAB9EFBE237095CD00B480F1 /* SuCasa.xcdatamodel */;
			path = SuCasa.xcdatamodeld;
			sourceTree = "<group>";
			versionGroupType = wrapper.xcdatamodel;
		};
/* End XCVersionGroup section */
	};
	rootObject = BAB9EFA9237095CD00B480F1 /* Project object */;
}
